{
  "nodes": {
    "advisory-db": {
      "flake": false,
      "locked": {
        "lastModified": 1711359280,
        "narHash": "sha256-Yri+Uexb2h9tN5Rk4hZCfB7dBjy+tOECl4Kor7VgJFI=",
        "owner": "rustsec",
        "repo": "advisory-db",
        "rev": "aa8e65c812517eae85190715fa63f312aa875773",
        "type": "github"
      },
      "original": {
        "owner": "rustsec",
        "repo": "advisory-db",
        "type": "github"
      }
    },
    "crane": {
      "inputs": {
        "nixpkgs": [
          "nixpkgs"
        ]
      },
      "locked": {
        "lastModified": 1711407199,
        "narHash": "sha256-A/nB4j3JHL51ztlMQdfKw6y8tUJJzai3bLsZUEEaBxY=",
        "owner": "ipetkov",
        "repo": "crane",
        "rev": "7e468a455506f2e65550e08dfd45092f0857a009",
        "type": "github"
      },
      "original": {
        "owner": "ipetkov",
        "repo": "crane",
        "type": "github"
      }
    },
    "flake-utils": {
      "inputs": {
        "systems": "systems"
      },
      "locked": {
        "lastModified": 1710146030,
        "narHash": "sha256-SZ5L6eA7HJ/nmkzGG7/ISclqe6oZdOZTNoesiInkXPQ=",
        "owner": "numtide",
        "repo": "flake-utils",
        "rev": "b1d9ab70662946ef0850d488da1c9019f3a9752a",
        "type": "github"
      },
      "original": {
        "owner": "numtide",
        "repo": "flake-utils",
        "type": "github"
      }
    },
    "nixpkgs": {
      "locked": {
        "lastModified": 1711552195,
        "narHash": "sha256-Od7FhOOWZLpfZp+WkzEKZHJs4iXFPyxdDtmeOcX6D0Q=",
        "owner": "NixOS",
        "repo": "nixpkgs",
        "rev": "dc7a2e9c50efe0f427955423360f6df9f051a0b6",
        "type": "github"
      },
      "original": {
        "owner": "NixOS",
        "ref": "release-23.11",
        "repo": "nixpkgs",
        "type": "github"
      }
    },
    "root": {
      "inputs": {
        "advisory-db": "advisory-db",
        "crane": "crane",
        "flake-utils": "flake-utils",
        "nixpkgs": "nixpkgs",
        "rust-overlay": "rust-overlay"
      }
    },
    "rust-overlay": {
      "inputs": {
        "flake-utils": [
          "flake-utils"
        ],
        "nixpkgs": [
          "nixpkgs"
        ]
      },
      "locked": {
        "lastModified": 1711505476,
        "narHash": "sha256-yK1zue1c8EdpZvEyQWrjawG9Ykzl7eB2xJ/V+2vU5Jo=",
        "owner": "oxalica",
        "repo": "rust-overlay",
        "rev": "56f48d6e7559b807763ea03191bfaf95549ce610",
        "type": "github"
      },
      "original": {
        "owner": "oxalica",
        "repo": "rust-overlay",
        "type": "github"
      }
    },
    "systems": {
      "locked": {
        "lastModified": 1681028828,
        "narHash": "sha256-Vy1rq5AaRuLzOxct8nz4T6wlgyUR7zLU309k9mBC768=",
        "owner": "nix-systems",
        "repo": "default",
        "rev": "da67096a3b9bf56a91d16901293e51ba5b49a27e",
        "type": "github"
      },
      "original": {
        "owner": "nix-systems",
        "repo": "default",
        "type": "github"
      }
    }
  },
  "root": "root",
  "version": 7
}
