{
  "nodes": {
    "advisory-db": {
      "flake": false,
      "locked": {
        "lastModified": 1701193254,
        "narHash": "sha256-Hr7efA3GjwqBkGYKmd3XmGckdPQikbcCmOrq7fmTp3A=",
        "owner": "rustsec",
        "repo": "advisory-db",
        "rev": "43af5fef0591531a72ebb86c5f1c623ee95c62fe",
        "type": "github"
      },
      "original": {
        "owner": "rustsec",
        "repo": "advisory-db",
        "type": "github"
      }
    },
    "crane": {
      "inputs": {
        "nixpkgs": [
          "nixpkgs"
        ]
      },
      "locked": {
        "lastModified": 1701622587,
        "narHash": "sha256-o3XhxCCyrUHZ0tlta2W7/MuXzy+n0+BUt3rKFK3DIK4=",
        "owner": "ipetkov",
        "repo": "crane",
        "rev": "c09d2cbe84cc2adfe1943cb2a0b55a71c835ca9a",
        "type": "github"
      },
      "original": {
        "owner": "ipetkov",
        "repo": "crane",
        "type": "github"
      }
    },
    "fenix": {
      "inputs": {
        "nixpkgs": [
          "nixpkgs"
        ],
        "rust-analyzer-src": []
      },
      "locked": {
        "lastModified": 1701930186,
        "narHash": "sha256-t9uIiU1fE7VXi3t460iOuAUW8Ece9mowRKva1aw48zI=",
        "owner": "nix-community",
        "repo": "fenix",
        "rev": "aeb764a8e4c16da3f36b200a302552d8e457b9f4",
        "type": "github"
      },
      "original": {
        "owner": "nix-community",
        "repo": "fenix",
        "type": "github"
      }
    },
    "flake-utils": {
      "inputs": {
        "systems": "systems"
      },
      "locked": {
        "lastModified": 1701680307,
        "narHash": "sha256-kAuep2h5ajznlPMD9rnQyffWG8EM/C73lejGofXvdM8=",
        "owner": "numtide",
        "repo": "flake-utils",
        "rev": "4022d587cbbfd70fe950c1e2083a02621806a725",
        "type": "github"
      },
      "original": {
        "owner": "numtide",
        "repo": "flake-utils",
        "type": "github"
      }
    },
    "nixpkgs": {
      "locked": {
        "lastModified": 1701961404,
        "narHash": "sha256-ieWHyh6kJtabQYUam/dXXi22MgcgLQvl+f2x/95n+us=",
        "owner": "NixOS",
        "repo": "nixpkgs",
        "rev": "8fef9eee026f0d95c06b5880ef9c1af0f643aadf",
        "type": "github"
      },
      "original": {
        "owner": "NixOS",
        "ref": "release-23.11",
        "repo": "nixpkgs",
        "type": "github"
      }
    },
    "root": {
      "inputs": {
        "advisory-db": "advisory-db",
        "crane": "crane",
        "fenix": "fenix",
        "flake-utils": "flake-utils",
        "nixpkgs": "nixpkgs"
      }
    },
    "systems": {
      "locked": {
        "lastModified": 1681028828,
        "narHash": "sha256-Vy1rq5AaRuLzOxct8nz4T6wlgyUR7zLU309k9mBC768=",
        "owner": "nix-systems",
        "repo": "default",
        "rev": "da67096a3b9bf56a91d16901293e51ba5b49a27e",
        "type": "github"
      },
      "original": {
        "owner": "nix-systems",
        "repo": "default",
        "type": "github"
      }
    }
  },
  "root": "root",
  "version": 7
}
