{
  "nodes": {
    "advisory-db": {
      "flake": false,
      "locked": {
        "lastModified": 1701193254,
        "narHash": "sha256-Hr7efA3GjwqBkGYKmd3XmGckdPQikbcCmOrq7fmTp3A=",
        "owner": "rustsec",
        "repo": "advisory-db",
        "rev": "43af5fef0591531a72ebb86c5f1c623ee95c62fe",
        "type": "github"
      },
      "original": {
        "owner": "rustsec",
        "repo": "advisory-db",
        "type": "github"
      }
    },
    "crane": {
      "inputs": {
        "nixpkgs": [
          "nixpkgs"
        ]
      },
      "locked": {
        "lastModified": 1701622587,
        "narHash": "sha256-o3XhxCCyrUHZ0tlta2W7/MuXzy+n0+BUt3rKFK3DIK4=",
        "owner": "ipetkov",
        "repo": "crane",
        "rev": "c09d2cbe84cc2adfe1943cb2a0b55a71c835ca9a",
        "type": "github"
      },
      "original": {
        "owner": "ipetkov",
        "repo": "crane",
        "type": "github"
      }
    },
    "flake-utils": {
      "inputs": {
        "systems": "systems"
      },
      "locked": {
        "lastModified": 1701680307,
        "narHash": "sha256-kAuep2h5ajznlPMD9rnQyffWG8EM/C73lejGofXvdM8=",
        "owner": "numtide",
        "repo": "flake-utils",
        "rev": "4022d587cbbfd70fe950c1e2083a02621806a725",
        "type": "github"
      },
      "original": {
        "owner": "numtide",
        "repo": "flake-utils",
        "type": "github"
      }
    },
    "nixpkgs": {
      "locked": {
        "lastModified": 1710513883,
        "narHash": "sha256-MKYur1pNCrk8bU7agCpMRi3dCCEbv3GwH3pS0XuM1Ps=",
        "owner": "NixOS",
        "repo": "nixpkgs",
        "rev": "bda93c2221bc4185056723795c62e1b4cc661c4b",
        "type": "github"
      },
      "original": {
        "owner": "NixOS",
        "repo": "nixpkgs",
        "type": "github"
      }
    },
    "root": {
      "inputs": {
        "advisory-db": "advisory-db",
        "crane": "crane",
        "flake-utils": "flake-utils",
        "nixpkgs": "nixpkgs",
        "rust-overlay": "rust-overlay"
      }
    },
    "rust-overlay": {
      "inputs": {
        "flake-utils": [
          "flake-utils"
        ],
        "nixpkgs": [
          "nixpkgs"
        ]
      },
      "locked": {
        "lastModified": 1711419061,
        "narHash": "sha256-+5M/czgYGqs/jKmi8bvYC+JUYboUKNTfkRiesXopeXQ=",
        "owner": "oxalica",
        "repo": "rust-overlay",
        "rev": "4c11d2f698ff1149f76b69e72852d5d75f492d0c",
        "type": "github"
      },
      "original": {
        "owner": "oxalica",
        "repo": "rust-overlay",
        "type": "github"
      }
    },
    "systems": {
      "locked": {
        "lastModified": 1681028828,
        "narHash": "sha256-Vy1rq5AaRuLzOxct8nz4T6wlgyUR7zLU309k9mBC768=",
        "owner": "nix-systems",
        "repo": "default",
        "rev": "da67096a3b9bf56a91d16901293e51ba5b49a27e",
        "type": "github"
      },
      "original": {
        "owner": "nix-systems",
        "repo": "default",
        "type": "github"
      }
    }
  },
  "root": "root",
  "version": 7
}
